{
  "version": 1,
  "dependencies": {
    "net10.0-windows10.0.17763": {
      "AsyncAwaitBestPractices": {
        "type": "Direct",
        "requested": "[10.0.0, )",
        "resolved": "10.0.0",
        "contentHash": "HRK/K4MSlx0b3FZ+LMP3ZvbTS+Ts361lhwp47CQZaESX/9cl5UIKOC0fWb5AbGNZxj96pKRvl7/Wrxj/J8LG/g=="
      },
      "DalamudPackager": {
        "type": "Direct",
        "requested": "[14.0.2, )",
        "resolved": "14.0.2",
        "contentHash": "dQJeq+8eyHzra4Cg5eZ/3LAeS3/UpvvLriYJGSncMK9LqJ7Q4B6jwcOsxo3PfxVd15xj+IzVFxkPqIBmPQu8/w=="
      },
      "DotNet.ReproducibleBuilds": {
        "type": "Direct",
        "requested": "[1.2.39, )",
        "resolved": "1.2.39",
        "contentHash": "fcFN01tDTIQqDuTwr1jUQK/geofiwjG5DycJQOnC72i1SsLAk1ELe+apBOuZ11UMQG8YKFZG1FgvjZPbqHyatg=="
      },
      "Microsoft.Extensions.Logging": {
        "type": "Direct",
        "requested": "[10.0.1, )",
        "resolved": "10.0.1",
        "contentHash": "9ItMpMLFZFJFqCuHLLbR3LiA4ahA8dMtYuXpXl2YamSDWZhYS9BruPprkftY0tYi2bQ0slNrixdFm+4kpz1g5w==",
        "dependencies": {
          "Microsoft.Extensions.DependencyInjection": "10.0.1",
          "Microsoft.Extensions.Logging.Abstractions": "10.0.1",
          "Microsoft.Extensions.Options": "10.0.1"
        }
      },
      "NAudio": {
        "type": "Direct",
        "requested": "[2.2.1, )",
        "resolved": "2.2.1",
        "contentHash": "c0DzwiyyklM0TP39Y7RObwO3QkWecgM6H60ikiEnsV/aEAJPbj5MFCLaD8BSfKuZe0HGuh9GRGWWlJmSxDc9MA==",
        "dependencies": {
          "NAudio.Asio": "2.2.1",
          "NAudio.Core": "2.2.1",
          "NAudio.Midi": "2.2.1",
          "NAudio.Wasapi": "2.2.1",
          "NAudio.WinForms": "2.2.1",
          "NAudio.WinMM": "2.2.1"
        }
      },
      "Ninject": {
        "type": "Direct",
        "requested": "[3.3.6, )",
        "resolved": "3.3.6",
        "contentHash": "93avazUpbRL3IdwvTQF0DKSQB26TeqwMGhZsQNxi/RLSYewhxBkdGDhwWe9DAIRF1+zKDVMv3XkBk8HobKU6wA=="
      },
      "Ninject.Extensions.Factory": {
        "type": "Direct",
        "requested": "[3.3.3, )",
        "resolved": "3.3.3",
        "contentHash": "aF18MboPRaOgnUPNkafO44IPBXh7P7tUuZA3gP4ehxt1zwdViNPkVd5Mb9HlwbRM1togf0Eezpxfft7jz3IM9Q==",
        "dependencies": {
          "Castle.Core": "4.2.0",
          "Ninject": "3.3.3"
        }
      },
      "NLog": {
        "type": "Direct",
        "requested": "[6.0.7, )",
        "resolved": "6.0.7",
        "contentHash": "16kwDY6+/TCBToyXekpcl5mxprUWuXqltdOK26w44E0rTQTiRCjXv1VVLDtSbgMCR1RirVvr+V/9T+76cwuqnw=="
      },
      "ReactiveProperty": {
        "type": "Direct",
        "requested": "[9.8.0, )",
        "resolved": "9.8.0",
        "contentHash": "996UEBlxqcAb/ygOxxHYJjMzovH3BJc8Piei0nSXmLYaVmfSObMZ26CEN7Z9joTvQgGBzDdvSlv4kBev1nO+sA==",
        "dependencies": {
          "ReactiveProperty.Core": "9.8.0",
          "System.ComponentModel.Annotations": "5.0.0",
          "System.Reactive": "6.1.0"
        }
      },
      "SocketIO.Serializer.NewtonsoftJson": {
        "type": "Direct",
        "requested": "[3.1.2, )",
        "resolved": "3.1.2",
        "contentHash": "vTCbbPo3UOC3KOma1VqNkZg33A/Y14ZHWT0y3JP65BWTmJN9B2NdeA1mkPkncponq6UkdszMobJ5WXHIOkvqtg==",
        "dependencies": {
          "Newtonsoft.Json": "13.0.3",
          "SocketIO.Core": "3.1.2",
          "SocketIO.Serializer.Core": "3.1.2"
        }
      },
      "SocketIOClient": {
        "type": "Direct",
        "requested": "[3.1.2, )",
        "resolved": "3.1.2",
        "contentHash": "CMmnmhvG1Qf8k6BPh3RLqc/9MNvGUlCOyptjoP8a62bowPQkHTWvN25yy+gQqx5Ry/NgzkQHBJNpmRJhZNZrVQ==",
        "dependencies": {
          "SocketIO.Serializer.Core": "3.1.2",
          "SocketIO.Serializer.SystemTextJson": "3.1.2"
        }
      },
      "WindowsInput": {
        "type": "Direct",
        "requested": "[6.4.1, )",
        "resolved": "6.4.1",
        "contentHash": "wfg9uu5xDvBcaNqvR1ZTFQqBf4bKzkxdd5WviTZPy4cAywEzLzofuYswZB3nGIEnnlwGLBGSgrNOEZH/w8JI9w=="
      },
      "YamlDotNet": {
        "type": "Direct",
        "requested": "[16.3.0, )",
        "resolved": "16.3.0",
        "contentHash": "SgMOdxbz8X65z8hraIs6hOEdnkH6hESTAIUa7viEngHOYaH+6q5XJmwr1+yb9vJpNQ19hCQY69xbFsLtXpobQA=="
      },
      "ZLinq": {
        "type": "Direct",
        "requested": "[1.5.4, )",
        "resolved": "1.5.4",
        "contentHash": "Ogt0vjeHVPKJFOqcoEeHpBft4b1HD6CnOpeQSHWK2WPq0kMtietggm/2viwW44hdalf4F2mYeyWomDXMw9rv1g=="
      },
      "Castle.Core": {
        "type": "Transitive",
        "resolved": "4.2.0",
        "contentHash": "1TtKHYYVfox7aUZ0akCqkULmAjpG8X5ZRzTzTiONY34xtvvaPuUSSdVL1VaF/1/ljRhOkpy+uKOGn6XoFGvorw==",
        "dependencies": {
          "NETStandard.Library": "1.6.1"
        }
      },
      "Microsoft.Extensions.DependencyInjection": {
        "type": "Transitive",
        "resolved": "10.0.1",
        "contentHash": "zerXV0GAR9LCSXoSIApbWn+Dq1/T+6vbXMHGduq1LoVQRHT0BXsGQEau0jeLUBUcsoF/NaUT8ADPu8b+eNcIyg==",
        "dependencies": {
          "Microsoft.Extensions.DependencyInjection.Abstractions": "10.0.1"
        }
      },
      "Microsoft.Extensions.DependencyInjection.Abstractions": {
        "type": "Transitive",
        "resolved": "10.0.1",
        "contentHash": "oIy8fQxxbUsSrrOvgBqlVgOeCtDmrcynnTG+FQufcUWBrwyPfwlUkCDB2vaiBeYPyT+20u9/HeuHeBf+H4F/8g=="
      },
      "Microsoft.Extensions.Logging.Abstractions": {
        "type": "Transitive",
        "resolved": "10.0.1",
        "contentHash": "YkmyiPIWAXVb+lPIrM0LE5bbtLOJkCiRTFiHpkVOvhI7uTvCfoOHLEN0LcsY56GpSD7NqX3gJNpsaDe87/B3zg==",
        "dependencies": {
          "Microsoft.Extensions.DependencyInjection.Abstractions": "10.0.1"
        }
      },
      "Microsoft.Extensions.Options": {
        "type": "Transitive",
        "resolved": "10.0.1",
        "contentHash": "G6VVwywpJI4XIobetGHwg7wDOYC2L2XBYdtskxLaKF/Ynb5QBwLl7Q//wxAR2aVCLkMpoQrjSP9VoORkyddsNQ==",
        "dependencies": {
          "Microsoft.Extensions.DependencyInjection.Abstractions": "10.0.1",
          "Microsoft.Extensions.Primitives": "10.0.1"
        }
      },
      "Microsoft.Extensions.Primitives": {
        "type": "Transitive",
        "resolved": "10.0.1",
        "contentHash": "DO8XrJkp5x4PddDuc/CH37yDBCs9BYN6ijlKyR3vMb55BP1Vwh90vOX8bNfnKxr5B2qEI3D8bvbY1fFbDveDHQ=="
      },
      "Microsoft.NETCore.Platforms": {
        "type": "Transitive",
        "resolved": "1.1.0",
        "contentHash": "kz0PEW2lhqygehI/d6XsPCQzD7ff7gUJaVGPVETX611eadGsA3A877GdSlU0LRVMCTH/+P3o2iDTak+S08V2+A=="
      },
      "NAudio.Asio": {
        "type": "Transitive",
        "resolved": "2.2.1",
        "contentHash": "hQglyOT5iT3XuGpBP8ZG0+aoqwRfidHjTNehpoWwX0g6KJEgtH2VaqM2nuJ2mheKZa/IBqB4YQTZVvrIapzfOA==",
        "dependencies": {
          "NAudio.Core": "2.2.1"
        }
      },
      "NAudio.Core": {
        "type": "Transitive",
        "resolved": "2.2.1",
        "contentHash": "GgkdP6K/7FqXFo7uHvoqGZTJvW4z8g2IffhOO4JHaLzKCdDOUEzVKtveoZkCuUX8eV2HAINqi7VFqlFndrnz/g=="
      },
      "NAudio.Midi": {
        "type": "Transitive",
        "resolved": "2.2.1",
        "contentHash": "6r23ylGo5aeP02WFXsPquz0T0hFJWyh+7t++tz19tc3Kr38NHm+Z9j+FiAv+xkH8tZqXJqus9Q8p6u7bidIgbw==",
        "dependencies": {
          "NAudio.Core": "2.2.1"
        }
      },
      "NAudio.Wasapi": {
        "type": "Transitive",
        "resolved": "2.2.1",
        "contentHash": "lFfXoqacZZe0WqNChJgGYI+XV/n/61LzPHT3C1CJp4khoxeo2sziyX5wzNYWeCMNbsWxFvT3b3iXeY1UYjBhZw==",
        "dependencies": {
          "NAudio.Core": "2.2.1"
        }
      },
      "NAudio.WinForms": {
        "type": "Transitive",
        "resolved": "2.2.1",
        "contentHash": "DlDkewY1myY0A+3NrYRJD+MZhZV0yy1mNF6dckB27IQ9XCs/My5Ip8BZcoSHOsaPSe2GAjvoaDnk6N9w8xTv7w==",
        "dependencies": {
          "NAudio.WinMM": "2.2.1"
        }
      },
      "NAudio.WinMM": {
        "type": "Transitive",
        "resolved": "2.2.1",
        "contentHash": "xFHRFwH4x6aq3IxRbewvO33ugJRvZFEOfO62i7uQJRUNW2cnu6BeBTHUS0JD5KBucZbHZaYqxQG8dwZ47ezQuQ==",
        "dependencies": {
          "NAudio.Core": "2.2.1"
        }
      },
      "NETStandard.Library": {
        "type": "Transitive",
        "resolved": "1.6.1",
        "contentHash": "WcSp3+vP+yHNgS8EV5J7pZ9IRpeDuARBPN28by8zqff1wJQXm26PVU8L3/fYLBJVU7BtDyqNVWq2KlCVvSSR4A==",
        "dependencies": {
          "Microsoft.NETCore.Platforms": "1.1.0"
        }
      },
      "Newtonsoft.Json": {
        "type": "Transitive",
        "resolved": "13.0.3",
        "contentHash": "HrC5BXdl00IP9zeV+0Z848QWPAoCr9P3bDEZguI+gkLcBKAOxix/tLEAAHC+UvDNPv4a2d18lOReHMOagPa+zQ=="
      },
      "ReactiveProperty.Core": {
        "type": "Transitive",
        "resolved": "9.8.0",
        "contentHash": "ntZSmO18/WwD53i+ylQbtoDuxCAPislYsrzeJ+Hhbh4yYiZEODhBjXEvnA+RFc+wjDmByXoeERjbQJj3aMiRkA==",
        "dependencies": {
          "System.ComponentModel.Annotations": "5.0.0"
        }
      },
      "SocketIO.Core": {
        "type": "Transitive",
        "resolved": "3.1.2",
        "contentHash": "tb6vZ7DYhZooRGLHTPK7/Gifbu+kHbkQRbsee0LAnI28pWc5+Br+juh4pvid3kfIrGTl5dzAfy5huLELVU4svA=="
      },
      "SocketIO.Serializer.Core": {
        "type": "Transitive",
        "resolved": "3.1.2",
        "contentHash": "/cJtU3JVzjqP/Jh3BpMMR0aNzYua6s9e3+hjZ6OnYprFHrGYyg/n9OcST1dBjmOvvgyJ3GwJlyq0NjnPETAHsA==",
        "dependencies": {
          "SocketIO.Core": "3.1.2"
        }
      },
      "SocketIO.Serializer.SystemTextJson": {
        "type": "Transitive",
        "resolved": "3.1.2",
        "contentHash": "AA8w3Y4JldC3FaL1D4WuyG4zLPdrzjf8AQx1LCKtzlMlTLOcbEW0UGt+BhKxkUnxYAD5O5fsqRrTNCGXu6VeWA==",
        "dependencies": {
          "SocketIO.Core": "3.1.2",
          "SocketIO.Serializer.Core": "3.1.2"
        }
      },
      "System.ComponentModel.Annotations": {
        "type": "Transitive",
        "resolved": "5.0.0",
        "contentHash": "dMkqfy2el8A8/I76n2Hi1oBFEbG1SfxD2l5nhwXV3XjlnOmwxJlQbYpJH4W51odnU9sARCSAgv7S3CyAFMkpYg=="
      },
      "System.Reactive": {
        "type": "Transitive",
        "resolved": "6.1.0",
        "contentHash": "M5cCC1ZMkZr9jbSQGTHnVkb5TDN67qWCV7AP8TAHdGkvDlu0puT5NzemESNn9+HkYIDpWpocP68/i+/ame2/2w=="
      }
    }
  }
}